schema: '2.0'
stages:
  data_ingestion:
    cmd: python src/data/data_ingestion.py
    deps:
    - path: src/data/data_ingestion.py
      hash: md5
      md5: 3dd3823e23aab4d3c29952e2249f9246
      size: 4169
    params:
      params.yaml:
        data_ingestion.test_size: 0.25
    outs:
    - path: data/raw
      hash: md5
      md5: 6388a6d8c17e6d68d360304077e1bc77.dir
      size: 632167
      nfiles: 2
  data_preprocessing:
    cmd: python src/data/data_preprocessing.py
    deps:
    - path: data/raw
      hash: md5
      md5: 6388a6d8c17e6d68d360304077e1bc77.dir
      size: 632167
      nfiles: 2
    - path: src/data/data_preprocessing.py
      hash: md5
      md5: a0d0986f1695b3e851d0f37dad4451b8
      size: 2909
    outs:
    - path: data/interim
      hash: md5
      md5: 8170e5032583d07b8a258ff882fed996.dir
      size: 390738
      nfiles: 2
  feature_engineering:
    cmd: python src/features/feature_engineering.py
    deps:
    - path: data/interim
      hash: md5
      md5: 8170e5032583d07b8a258ff882fed996.dir
      size: 390738
      nfiles: 2
    - path: src/features/feature_engineering.py
      hash: md5
      md5: cfaf71fa8bd1fae8af5abc3cbbe3387b
      size: 3447
    params:
      params.yaml:
        feature_engineering.max_features: 50
    outs:
    - path: data/processed
      hash: md5
      md5: 2fe9b0eb4c3f612c2d056256887376d5.dir
      size: 51884
      nfiles: 2
    - path: models/vectorizer.pkl
      hash: md5
      md5: 45be9840eee1e8169f01f88b9ae89557
      size: 1859
  model_building:
    cmd: python src/model/model_building.py
    deps:
    - path: data/processed
      hash: md5
      md5: 2fe9b0eb4c3f612c2d056256887376d5.dir
      size: 51884
      nfiles: 2
    - path: src/model/model_building.py
      hash: md5
      md5: 0147f56dbbab9cf1065b67f3cf72e473
      size: 1859
    outs:
    - path: models/model.pkl
      hash: md5
      md5: 2c5b27735d6adbabbb729c659f405713
      size: 1095
  model_evaluation:
    cmd: python src/model/model_evaluation.py
    deps:
    - path: models/model.pkl
      hash: md5
      md5: 2c5b27735d6adbabbb729c659f405713
      size: 1095
    - path: src/model/model_evaluation.py
      hash: md5
      md5: 74cf811f838f0e3c7653d3ee68d82a0f
      size: 5558
    outs:
    - path: reports/experiment_info.json
      hash: md5
      md5: d6e90ac7a8590e0c8be3f42521b10523
      size: 82
    - path: reports/metrics.json
      hash: md5
      md5: e3ed0e0878817a468acbcd4a1ce6bb49
      size: 132
  model_registration:
    cmd: python src/model/register_model.py
    deps:
    - path: reports/experiment_info.json
      hash: md5
      md5: d6e90ac7a8590e0c8be3f42521b10523
      size: 82
    - path: src/model/register_model.py
      hash: md5
      md5: 5bcb19ab709013b5a2baa11d9f941fa2
      size: 4292
